PODS:
  - Alamofire (4.4.0)
  - Kingfisher (3.5.1)
  - SwiftyJSON (3.1.4)

DEPENDENCIES:
  - Alamofire (~> 4.4.0)
  - Kingfisher (~> 3.5.1)
  - SwiftyJSON (~> 3.1.4)

SPEC CHECKSUMS:
  Alamofire: dc44b1600b800eb63da6a19039a0083d62a6a62d
  Kingfisher: 12eeffeef42ea45b68c5e5acfe8ba9005b713ab4
  SwiftyJSON: c2842d878f95482ffceec5709abc3d05680c0220

PODFILE CHECKSUM: ed1c58ab9407899a85541e2fd7b9567749ecb389

COCOAPODS: 1.2.0
